
Microsoft Visual Studio Solution File, Format Version 12.00
# Visual Studio Version 17
VisualStudioVersion = 17.9.34902.65
MinimumVisualStudioVersion = 10.0.40219.1
Project("{FAE04EC0-301F-11D3-BF4B-00C04F79EFBC}") = "MahjongSolverApiDotNet8", "MahjongSolverApiDotNet8\MahjongSolverApiDotNet8.csproj", "{94B477E3-0181-4716-B24D-54CC53A32CA9}"
EndProject
Global
	GlobalSection(SolutionConfigurationPlatforms) = preSolution
		Debug|Any CPU = Debug|Any CPU
		Release|Any CPU = Release|Any CPU
	EndGlobalSection
	GlobalSection(ProjectConfigurationPlatforms) = postSolution
		{94B477E3-0181-4716-B24D-54CC53A32CA9}.Debug|Any CPU.ActiveCfg = Debug|Any CPU
		{94B477E3-0181-4716-B24D-54CC53A32CA9}.Debug|Any CPU.Build.0 = Debug|Any CPU
		{94B477E3-0181-4716-B24D-54CC53A32CA9}.Release|Any CPU.ActiveCfg = Release|Any CPU
		{94B477E3-0181-4716-B24D-54CC53A32CA9}.Release|Any CPU.Build.0 = Release|Any CPU
	EndGlobalSection
	GlobalSection(SolutionProperties) = preSolution
		HideSolutionNode = FALSE
	EndGlobalSection
	GlobalSection(ExtensibilityGlobals) = postSolution
		SolutionGuid = {66446774-BE57-45D8-BAFA-360F74EDA21D}
	EndGlobalSection
EndGlobal
